
Microsoft Visual Studio Solution File, Format Version 12.00
# Visual Studio Version 16
VisualStudioVersion = 16.0.31205.134
MinimumVisualStudioVersion = 10.0.40219.1
Project("{9A19103F-16F7-4668-BE54-9A1E7A4F7556}") = "WeatherStation", "WeatherStation\WeatherStation.csproj", "{BF8F8C0D-2A79-4C18-A5A9-598E88637962}"
EndProject
Project("{9A19103F-16F7-4668-BE54-9A1E7A4F7556}") = "WeatherStation.Tests", "WeatherStation.Tests\WeatherStation.Tests.csproj", "{4D1531E4-106C-4718-B04B-6CDB1919FF0D}"
EndProject
Global
	GlobalSection(SolutionConfigurationPlatforms) = preSolution
		Debug|Any CPU = Debug|Any CPU
		Release|Any CPU = Release|Any CPU
	EndGlobalSection
	GlobalSection(ProjectConfigurationPlatforms) = postSolution
		{BF8F8C0D-2A79-4C18-A5A9-598E88637962}.Debug|Any CPU.ActiveCfg = Debug|Any CPU
		{BF8F8C0D-2A79-4C18-A5A9-598E88637962}.Debug|Any CPU.Build.0 = Debug|Any CPU
		{BF8F8C0D-2A79-4C18-A5A9-598E88637962}.Release|Any CPU.ActiveCfg = Release|Any CPU
		{BF8F8C0D-2A79-4C18-A5A9-598E88637962}.Release|Any CPU.Build.0 = Release|Any CPU
		{4D1531E4-106C-4718-B04B-6CDB1919FF0D}.Debug|Any CPU.ActiveCfg = Debug|Any CPU
		{4D1531E4-106C-4718-B04B-6CDB1919FF0D}.Debug|Any CPU.Build.0 = Debug|Any CPU
		{4D1531E4-106C-4718-B04B-6CDB1919FF0D}.Release|Any CPU.ActiveCfg = Release|Any CPU
		{4D1531E4-106C-4718-B04B-6CDB1919FF0D}.Release|Any CPU.Build.0 = Release|Any CPU
	EndGlobalSection
	GlobalSection(SolutionProperties) = preSolution
		HideSolutionNode = FALSE
	EndGlobalSection
	GlobalSection(ExtensibilityGlobals) = postSolution
		SolutionGuid = {18F2FFFA-6852-422A-839D-9BACEE6C130C}
	EndGlobalSection
EndGlobal
